
Microsoft Visual Studio Solution File, Format Version 12.00
# Visual Studio Version 17
VisualStudioVersion = 17.9.34728.123
MinimumVisualStudioVersion = 10.0.40219.1
Project("{FAE04EC0-301F-11D3-BF4B-00C04F79EFBC}") = "QuantityMeasurementApp", "QuantityMeasurementApp\QuantityMeasurementApp.csproj", "{F79D73D1-1956-4BBB-902C-A357DDC50438}"
EndProject
Project("{FAE04EC0-301F-11D3-BF4B-00C04F79EFBC}") = "QuantityMeasurementApp.Tests", "QuantityMeasurementApp.Tests\QuantityMeasurementApp.Tests.csproj", "{E05332B3-8BD9-43C6-A89B-AC53916DFDD8}"
EndProject
Global
	GlobalSection(SolutionConfigurationPlatforms) = preSolution
		Debug|Any CPU = Debug|Any CPU
		Release|Any CPU = Release|Any CPU
	EndGlobalSection
	GlobalSection(ProjectConfigurationPlatforms) = postSolution
		{F79D73D1-1956-4BBB-902C-A357DDC50438}.Debug|Any CPU.ActiveCfg = Debug|Any CPU
		{F79D73D1-1956-4BBB-902C-A357DDC50438}.Debug|Any CPU.Build.0 = Debug|Any CPU
		{F79D73D1-1956-4BBB-902C-A357DDC50438}.Release|Any CPU.ActiveCfg = Release|Any CPU
		{F79D73D1-1956-4BBB-902C-A357DDC50438}.Release|Any CPU.Build.0 = Release|Any CPU
		{E05332B3-8BD9-43C6-A89B-AC53916DFDD8}.Debug|Any CPU.ActiveCfg = Debug|Any CPU
		{E05332B3-8BD9-43C6-A89B-AC53916DFDD8}.Debug|Any CPU.Build.0 = Debug|Any CPU
		{E05332B3-8BD9-43C6-A89B-AC53916DFDD8}.Release|Any CPU.ActiveCfg = Release|Any CPU
		{E05332B3-8BD9-43C6-A89B-AC53916DFDD8}.Release|Any CPU.Build.0 = Release|Any CPU
	EndGlobalSection
	GlobalSection(SolutionProperties) = preSolution
		HideSolutionNode = FALSE
	EndGlobalSection
	GlobalSection(ExtensibilityGlobals) = postSolution
		SolutionGuid = {3E4CC8C7-F17D-4241-BA3B-B457411873FB}
	EndGlobalSection
EndGlobal
